
Microsoft Visual Studio Solution File, Format Version 12.00
# Visual Studio 15
VisualStudioVersion = 15.0.25807.0
MinimumVisualStudioVersion = 10.0.40219.1
Project("{2150E333-8FDC-42A3-9474-1A3956D46DE8}") = "Engine", "Engine", "{56390D38-BAE9-4582-97B3-E7705634F7A7}"
EndProject
Project("{2150E333-8FDC-42A3-9474-1A3956D46DE8}") = "Games", "Games", "{A4E95D4C-1C79-437D-A12D-FDE3A0E6845B}"
EndProject
Project("{8BC9CEB8-8B4A-11D0-8D11-00A0C91BC942}") = "UE4", "Intermediate\ProjectFiles\UE4.vcxproj", "{551A7E70-FE1C-482C-A241-556138840565}"
EndProject
Project("{8BC9CEB8-8B4A-11D0-8D11-00A0C91BC942}") = "Escape_", "Intermediate\ProjectFiles\Escape_.vcxproj", "{3225A22E-4361-49E3-A6A0-7AA26C8BD84C}"
EndProject
Project("{2150E333-8FDC-42A3-9474-1A3956D46DE8}") = "Visualizers", "Visualizers", "{2813927D-DB00-4B4E-A525-AA0DF288E29E}"
	ProjectSection(SolutionItems) = preProject
		..\..\..\Desktop\UE_4.23\Engine\Extras\VisualStudioDebugging\UE4.natvis = ..\..\..\Desktop\UE_4.23\Engine\Extras\VisualStudioDebugging\UE4.natvis
	EndProjectSection
EndProject
Global
	GlobalSection(SolutionConfigurationPlatforms) = preSolution
		DebugGame Editor|HTML5 = DebugGame Editor|HTML5
		DebugGame Editor|Win32 = DebugGame Editor|Win32
		DebugGame Editor|Win64 = DebugGame Editor|Win64
		DebugGame|HTML5 = DebugGame|HTML5
		DebugGame|Win32 = DebugGame|Win32
		DebugGame|Win64 = DebugGame|Win64
		Development Editor|HTML5 = Development Editor|HTML5
		Development Editor|Win32 = Development Editor|Win32
		Development Editor|Win64 = Development Editor|Win64
		Development|HTML5 = Development|HTML5
		Development|Win32 = Development|Win32
		Development|Win64 = Development|Win64
		Shipping|HTML5 = Shipping|HTML5
		Shipping|Win32 = Shipping|Win32
		Shipping|Win64 = Shipping|Win64
	EndGlobalSection
	GlobalSection(ProjectConfigurationPlatforms) = postSolution
		{551A7E70-FE1C-482C-A241-556138840565}.DebugGame Editor|HTML5.ActiveCfg = BuiltWithUnrealBuildTool|Win32
		{551A7E70-FE1C-482C-A241-556138840565}.DebugGame Editor|Win32.ActiveCfg = BuiltWithUnrealBuildTool|Win32
		{551A7E70-FE1C-482C-A241-556138840565}.DebugGame Editor|Win64.ActiveCfg = BuiltWithUnrealBuildTool|Win32
		{551A7E70-FE1C-482C-A241-556138840565}.DebugGame|HTML5.ActiveCfg = BuiltWithUnrealBuildTool|Win32
		{551A7E70-FE1C-482C-A241-556138840565}.DebugGame|Win32.ActiveCfg = BuiltWithUnrealBuildTool|Win32
		{551A7E70-FE1C-482C-A241-556138840565}.DebugGame|Win64.ActiveCfg = BuiltWithUnrealBuildTool|Win32
		{551A7E70-FE1C-482C-A241-556138840565}.Development Editor|HTML5.ActiveCfg = BuiltWithUnrealBuildTool|Win32
		{551A7E70-FE1C-482C-A241-556138840565}.Development Editor|Win32.ActiveCfg = BuiltWithUnrealBuildTool|Win32
		{551A7E70-FE1C-482C-A241-556138840565}.Development Editor|Win64.ActiveCfg = BuiltWithUnrealBuildTool|Win32
		{551A7E70-FE1C-482C-A241-556138840565}.Development|HTML5.ActiveCfg = BuiltWithUnrealBuildTool|Win32
		{551A7E70-FE1C-482C-A241-556138840565}.Development|Win32.ActiveCfg = BuiltWithUnrealBuildTool|Win32
		{551A7E70-FE1C-482C-A241-556138840565}.Development|Win64.ActiveCfg = BuiltWithUnrealBuildTool|Win32
		{551A7E70-FE1C-482C-A241-556138840565}.Shipping|HTML5.ActiveCfg = BuiltWithUnrealBuildTool|Win32
		{551A7E70-FE1C-482C-A241-556138840565}.Shipping|Win32.ActiveCfg = BuiltWithUnrealBuildTool|Win32
		{551A7E70-FE1C-482C-A241-556138840565}.Shipping|Win64.ActiveCfg = BuiltWithUnrealBuildTool|Win32
		{3225A22E-4361-49E3-A6A0-7AA26C8BD84C}.DebugGame Editor|HTML5.ActiveCfg = Invalid|Win32
		{3225A22E-4361-49E3-A6A0-7AA26C8BD84C}.DebugGame Editor|Win32.ActiveCfg = Invalid|Win32
		{3225A22E-4361-49E3-A6A0-7AA26C8BD84C}.DebugGame Editor|Win64.ActiveCfg = DebugGame_Editor|x64
		{3225A22E-4361-49E3-A6A0-7AA26C8BD84C}.DebugGame Editor|Win64.Build.0 = DebugGame_Editor|x64
		{3225A22E-4361-49E3-A6A0-7AA26C8BD84C}.DebugGame|HTML5.ActiveCfg = HTML5_DebugGame|Win32
		{3225A22E-4361-49E3-A6A0-7AA26C8BD84C}.DebugGame|HTML5.Build.0 = HTML5_DebugGame|Win32
		{3225A22E-4361-49E3-A6A0-7AA26C8BD84C}.DebugGame|Win32.ActiveCfg = DebugGame|Win32
		{3225A22E-4361-49E3-A6A0-7AA26C8BD84C}.DebugGame|Win32.Build.0 = DebugGame|Win32
		{3225A22E-4361-49E3-A6A0-7AA26C8BD84C}.DebugGame|Win64.ActiveCfg = DebugGame|x64
		{3225A22E-4361-49E3-A6A0-7AA26C8BD84C}.DebugGame|Win64.Build.0 = DebugGame|x64
		{3225A22E-4361-49E3-A6A0-7AA26C8BD84C}.Development Editor|HTML5.ActiveCfg = Invalid|Win32
		{3225A22E-4361-49E3-A6A0-7AA26C8BD84C}.Development Editor|Win32.ActiveCfg = Invalid|Win32
		{3225A22E-4361-49E3-A6A0-7AA26C8BD84C}.Development Editor|Win64.ActiveCfg = Development_Editor|x64
		{3225A22E-4361-49E3-A6A0-7AA26C8BD84C}.Development Editor|Win64.Build.0 = Development_Editor|x64
		{3225A22E-4361-49E3-A6A0-7AA26C8BD84C}.Development|HTML5.ActiveCfg = HTML5_Development|Win32
		{3225A22E-4361-49E3-A6A0-7AA26C8BD84C}.Development|HTML5.Build.0 = HTML5_Development|Win32
		{3225A22E-4361-49E3-A6A0-7AA26C8BD84C}.Development|Win32.ActiveCfg = Development|Win32
		{3225A22E-4361-49E3-A6A0-7AA26C8BD84C}.Development|Win32.Build.0 = Development|Win32
		{3225A22E-4361-49E3-A6A0-7AA26C8BD84C}.Development|Win64.ActiveCfg = Development|x64
		{3225A22E-4361-49E3-A6A0-7AA26C8BD84C}.Development|Win64.Build.0 = Development|x64
		{3225A22E-4361-49E3-A6A0-7AA26C8BD84C}.Shipping|HTML5.ActiveCfg = HTML5_Shipping|Win32
		{3225A22E-4361-49E3-A6A0-7AA26C8BD84C}.Shipping|HTML5.Build.0 = HTML5_Shipping|Win32
		{3225A22E-4361-49E3-A6A0-7AA26C8BD84C}.Shipping|Win32.ActiveCfg = Shipping|Win32
		{3225A22E-4361-49E3-A6A0-7AA26C8BD84C}.Shipping|Win32.Build.0 = Shipping|Win32
		{3225A22E-4361-49E3-A6A0-7AA26C8BD84C}.Shipping|Win64.ActiveCfg = Shipping|x64
		{3225A22E-4361-49E3-A6A0-7AA26C8BD84C}.Shipping|Win64.Build.0 = Shipping|x64
	EndGlobalSection
	GlobalSection(SolutionProperties) = preSolution
		HideSolutionNode = FALSE
	EndGlobalSection
	GlobalSection(NestedProjects) = preSolution
		{551A7E70-FE1C-482C-A241-556138840565} = {56390D38-BAE9-4582-97B3-E7705634F7A7}
		{3225A22E-4361-49E3-A6A0-7AA26C8BD84C} = {A4E95D4C-1C79-437D-A12D-FDE3A0E6845B}
	EndGlobalSection
EndGlobal
